
Microsoft Visual Studio Solution File, Format Version 12.00
# Visual Studio Version 17
VisualStudioVersion = 17.3.32901.215
MinimumVisualStudioVersion = 10.0.40219.1
Project("{FAE04EC0-301F-11D3-BF4B-00C04F79EFBC}") = "laborator1", "laborator1\laborator1.csproj", "{1C19F576-F242-494D-A482-5482D4D32CF3}"
EndProject
Global
	GlobalSection(SolutionConfigurationPlatforms) = preSolution
		Debug|Any CPU = Debug|Any CPU
		Release|Any CPU = Release|Any CPU
	EndGlobalSection
	GlobalSection(ProjectConfigurationPlatforms) = postSolution
		{1C19F576-F242-494D-A482-5482D4D32CF3}.Debug|Any CPU.ActiveCfg = Debug|Any CPU
		{1C19F576-F242-494D-A482-5482D4D32CF3}.Debug|Any CPU.Build.0 = Debug|Any CPU
		{1C19F576-F242-494D-A482-5482D4D32CF3}.Release|Any CPU.ActiveCfg = Release|Any CPU
		{1C19F576-F242-494D-A482-5482D4D32CF3}.Release|Any CPU.Build.0 = Release|Any CPU
	EndGlobalSection
	GlobalSection(SolutionProperties) = preSolution
		HideSolutionNode = FALSE
	EndGlobalSection
	GlobalSection(ExtensibilityGlobals) = postSolution
		SolutionGuid = {D043ECA7-C9EA-4F52-A8D2-DCAD0E40AEC6}
	EndGlobalSection
EndGlobal
